
Microsoft Visual Studio Solution File, Format Version 12.00
# Visual Studio Version 17
VisualStudioVersion = 17.1.32228.430
MinimumVisualStudioVersion = 10.0.40219.1
Project("{FAE04EC0-301F-11D3-BF4B-00C04F79EFBC}") = "AlgDS_Praktikum_Gruppe9", "AlgDS_Praktikum_Gruppe9\AlgDS_Praktikum_Gruppe9.csproj", "{54DA4D4B-79B2-468D-9085-201A12D659B2}"
EndProject
Global
	GlobalSection(SolutionConfigurationPlatforms) = preSolution
		Debug|Any CPU = Debug|Any CPU
		Release|Any CPU = Release|Any CPU
	EndGlobalSection
	GlobalSection(ProjectConfigurationPlatforms) = postSolution
		{54DA4D4B-79B2-468D-9085-201A12D659B2}.Debug|Any CPU.ActiveCfg = Debug|Any CPU
		{54DA4D4B-79B2-468D-9085-201A12D659B2}.Debug|Any CPU.Build.0 = Debug|Any CPU
		{54DA4D4B-79B2-468D-9085-201A12D659B2}.Release|Any CPU.ActiveCfg = Release|Any CPU
		{54DA4D4B-79B2-468D-9085-201A12D659B2}.Release|Any CPU.Build.0 = Release|Any CPU
	EndGlobalSection
	GlobalSection(SolutionProperties) = preSolution
		HideSolutionNode = FALSE
	EndGlobalSection
	GlobalSection(ExtensibilityGlobals) = postSolution
		SolutionGuid = {414DA0DB-B45D-4601-BEC0-85508B3809DF}
	EndGlobalSection
EndGlobal
